
Microsoft Visual Studio Solution File, Format Version 12.00
# Visual Studio Version 17
VisualStudioVersion = 17.7.34031.279
MinimumVisualStudioVersion = 10.0.40219.1
Project("{2150E333-8FDC-42A3-9474-1A3956D46DE8}") = "ApiConsume", "ApiConsume", "{B1D18D87-F989-4D72-970D-6C860DD29562}"
EndProject
Project("{9A19103F-16F7-4668-BE54-9A1E7A4F7556}") = "HotelProject.WebApi", "HotelProject.WebApi\HotelProject.WebApi.csproj", "{14A1AC0E-428B-463B-BA85-A780A55469A1}"
EndProject
Project("{2150E333-8FDC-42A3-9474-1A3956D46DE8}") = "Frontend", "Frontend", "{61D8586D-891D-4F22-B92A-28FBBB93654F}"
EndProject
Project("{9A19103F-16F7-4668-BE54-9A1E7A4F7556}") = "HotelProject.Web", "HotelProject.Web\HotelProject.Web.csproj", "{DBBC372E-4772-40B0-9D05-166F37FBA97C}"
EndProject
Project("{9A19103F-16F7-4668-BE54-9A1E7A4F7556}") = "HotelProject.BusinessLayer", "HotelProject.BusinessLayer\HotelProject.BusinessLayer.csproj", "{6D23DFC7-F3A2-4291-A961-BDF29683A3BD}"
EndProject
Project("{9A19103F-16F7-4668-BE54-9A1E7A4F7556}") = "HotelProject.DataAccessLayer", "HotelProject.DataAccessLayer\HotelProject.DataAccessLayer.csproj", "{D752424F-8196-4341-A61A-F5189DB9429C}"
EndProject
Project("{9A19103F-16F7-4668-BE54-9A1E7A4F7556}") = "HotelProject.DtoLayer", "HotelProject.DtoLayer\HotelProject.DtoLayer.csproj", "{5ADD3557-1079-4E8A-996A-8E4BEB5BA0B3}"
EndProject
Project("{9A19103F-16F7-4668-BE54-9A1E7A4F7556}") = "HotelProject.EntityLayer", "HotelProject.EntityLayer\HotelProject.EntityLayer.csproj", "{B698D930-02AF-4BEB-9E71-112CE7592821}"
EndProject
Global
	GlobalSection(SolutionConfigurationPlatforms) = preSolution
		Debug|Any CPU = Debug|Any CPU
		Release|Any CPU = Release|Any CPU
	EndGlobalSection
	GlobalSection(ProjectConfigurationPlatforms) = postSolution
		{14A1AC0E-428B-463B-BA85-A780A55469A1}.Debug|Any CPU.ActiveCfg = Debug|Any CPU
		{14A1AC0E-428B-463B-BA85-A780A55469A1}.Debug|Any CPU.Build.0 = Debug|Any CPU
		{14A1AC0E-428B-463B-BA85-A780A55469A1}.Release|Any CPU.ActiveCfg = Release|Any CPU
		{14A1AC0E-428B-463B-BA85-A780A55469A1}.Release|Any CPU.Build.0 = Release|Any CPU
		{DBBC372E-4772-40B0-9D05-166F37FBA97C}.Debug|Any CPU.ActiveCfg = Debug|Any CPU
		{DBBC372E-4772-40B0-9D05-166F37FBA97C}.Debug|Any CPU.Build.0 = Debug|Any CPU
		{DBBC372E-4772-40B0-9D05-166F37FBA97C}.Release|Any CPU.ActiveCfg = Release|Any CPU
		{DBBC372E-4772-40B0-9D05-166F37FBA97C}.Release|Any CPU.Build.0 = Release|Any CPU
		{6D23DFC7-F3A2-4291-A961-BDF29683A3BD}.Debug|Any CPU.ActiveCfg = Debug|Any CPU
		{6D23DFC7-F3A2-4291-A961-BDF29683A3BD}.Debug|Any CPU.Build.0 = Debug|Any CPU
		{6D23DFC7-F3A2-4291-A961-BDF29683A3BD}.Release|Any CPU.ActiveCfg = Release|Any CPU
		{6D23DFC7-F3A2-4291-A961-BDF29683A3BD}.Release|Any CPU.Build.0 = Release|Any CPU
		{D752424F-8196-4341-A61A-F5189DB9429C}.Debug|Any CPU.ActiveCfg = Debug|Any CPU
		{D752424F-8196-4341-A61A-F5189DB9429C}.Debug|Any CPU.Build.0 = Debug|Any CPU
		{D752424F-8196-4341-A61A-F5189DB9429C}.Release|Any CPU.ActiveCfg = Release|Any CPU
		{D752424F-8196-4341-A61A-F5189DB9429C}.Release|Any CPU.Build.0 = Release|Any CPU
		{5ADD3557-1079-4E8A-996A-8E4BEB5BA0B3}.Debug|Any CPU.ActiveCfg = Debug|Any CPU
		{5ADD3557-1079-4E8A-996A-8E4BEB5BA0B3}.Debug|Any CPU.Build.0 = Debug|Any CPU
		{5ADD3557-1079-4E8A-996A-8E4BEB5BA0B3}.Release|Any CPU.ActiveCfg = Release|Any CPU
		{5ADD3557-1079-4E8A-996A-8E4BEB5BA0B3}.Release|Any CPU.Build.0 = Release|Any CPU
		{B698D930-02AF-4BEB-9E71-112CE7592821}.Debug|Any CPU.ActiveCfg = Debug|Any CPU
		{B698D930-02AF-4BEB-9E71-112CE7592821}.Debug|Any CPU.Build.0 = Debug|Any CPU
		{B698D930-02AF-4BEB-9E71-112CE7592821}.Release|Any CPU.ActiveCfg = Release|Any CPU
		{B698D930-02AF-4BEB-9E71-112CE7592821}.Release|Any CPU.Build.0 = Release|Any CPU
	EndGlobalSection
	GlobalSection(SolutionProperties) = preSolution
		HideSolutionNode = FALSE
	EndGlobalSection
	GlobalSection(NestedProjects) = preSolution
		{14A1AC0E-428B-463B-BA85-A780A55469A1} = {B1D18D87-F989-4D72-970D-6C860DD29562}
		{DBBC372E-4772-40B0-9D05-166F37FBA97C} = {61D8586D-891D-4F22-B92A-28FBBB93654F}
		{6D23DFC7-F3A2-4291-A961-BDF29683A3BD} = {B1D18D87-F989-4D72-970D-6C860DD29562}
		{D752424F-8196-4341-A61A-F5189DB9429C} = {B1D18D87-F989-4D72-970D-6C860DD29562}
		{5ADD3557-1079-4E8A-996A-8E4BEB5BA0B3} = {B1D18D87-F989-4D72-970D-6C860DD29562}
		{B698D930-02AF-4BEB-9E71-112CE7592821} = {B1D18D87-F989-4D72-970D-6C860DD29562}
	EndGlobalSection
	GlobalSection(ExtensibilityGlobals) = postSolution
		SolutionGuid = {0707B43A-EB1C-42F6-B333-70D47EABC5E9}
	EndGlobalSection
EndGlobal
